
Microsoft Visual Studio Solution File, Format Version 12.00
# Visual Studio Version 17
VisualStudioVersion = 17.0.31903.59
MinimumVisualStudioVersion = 10.0.40219.1
Project("{FAE04EC0-301F-11D3-BF4B-00C04F79EFBC}") = "BookSoap", "BookSoap\BookSoap.csproj", "{51F829D2-2F75-4CBA-86ED-DC9B3FCADC8F}"
EndProject
Project("{FAE04EC0-301F-11D3-BF4B-00C04F79EFBC}") = "BookService", "BookService\BookService.csproj", "{CA4D633D-C4A2-411E-AEB0-42A76018122A}"
EndProject
Global
	GlobalSection(SolutionConfigurationPlatforms) = preSolution
		Debug|Any CPU = Debug|Any CPU
		Release|Any CPU = Release|Any CPU
	EndGlobalSection
	GlobalSection(SolutionProperties) = preSolution
		HideSolutionNode = FALSE
	EndGlobalSection
	GlobalSection(ProjectConfigurationPlatforms) = postSolution
		{51F829D2-2F75-4CBA-86ED-DC9B3FCADC8F}.Debug|Any CPU.ActiveCfg = Debug|Any CPU
		{51F829D2-2F75-4CBA-86ED-DC9B3FCADC8F}.Debug|Any CPU.Build.0 = Debug|Any CPU
		{51F829D2-2F75-4CBA-86ED-DC9B3FCADC8F}.Release|Any CPU.ActiveCfg = Release|Any CPU
		{51F829D2-2F75-4CBA-86ED-DC9B3FCADC8F}.Release|Any CPU.Build.0 = Release|Any CPU
		{CA4D633D-C4A2-411E-AEB0-42A76018122A}.Debug|Any CPU.ActiveCfg = Debug|Any CPU
		{CA4D633D-C4A2-411E-AEB0-42A76018122A}.Debug|Any CPU.Build.0 = Debug|Any CPU
		{CA4D633D-C4A2-411E-AEB0-42A76018122A}.Release|Any CPU.ActiveCfg = Release|Any CPU
		{CA4D633D-C4A2-411E-AEB0-42A76018122A}.Release|Any CPU.Build.0 = Release|Any CPU
	EndGlobalSection
EndGlobal
